{
  "nodes": {
    "asm": {
      "inputs": {
        "nixpkgs": [
          "nixpkgs"
        ],
        "systems": [
          "systems"
        ]
      },
      "locked": {
        "path": "./src/asm",
        "type": "path"
      },
      "original": {
        "path": "./src/asm",
        "type": "path"
      },
      "parent": []
    },
    "c": {
      "inputs": {
        "nixpkgs": [
          "nixpkgs"
        ],
        "systems": [
          "systems"
        ]
      },
      "locked": {
        "path": "./src/c",
        "type": "path"
      },
      "original": {
        "path": "./src/c",
        "type": "path"
      },
      "parent": []
    },
    "cpp": {
      "inputs": {
        "nixpkgs": [
          "nixpkgs"
        ],
        "systems": [
          "systems"
        ]
      },
      "locked": {
        "path": "./src/cpp",
        "type": "path"
      },
      "original": {
        "path": "./src/cpp",
        "type": "path"
      },
      "parent": []
    },
    "crystal": {
      "inputs": {
        "nixpkgs": [
          "nixpkgs"
        ],
        "systems": [
          "systems"
        ]
      },
      "locked": {
        "path": "./src/crystal",
        "type": "path"
      },
      "original": {
        "path": "./src/crystal",
        "type": "path"
      },
      "parent": []
    },
    "go": {
      "inputs": {
        "nixpkgs": [
          "nixpkgs"
        ],
        "systems": [
          "systems"
        ]
      },
      "locked": {
        "path": "./src/go",
        "type": "path"
      },
      "original": {
        "path": "./src/go",
        "type": "path"
      },
      "parent": []
    },
    "nim": {
      "inputs": {
        "nixpkgs": [
          "nixpkgs"
        ],
        "systems": [
          "systems"
        ]
      },
      "locked": {
        "path": "./src/nim",
        "type": "path"
      },
      "original": {
        "path": "./src/nim",
        "type": "path"
      },
      "parent": []
    },
    "nixpkgs": {
      "locked": {
        "lastModified": 1782723713,
        "narHash": "sha256-oPXCU/SSUokcGaJREHibG1CBX3+s/W7orDWQOZDsEeQ=",
        "owner": "NixOS",
        "repo": "nixpkgs",
        "rev": "b5aa0fbd538984f6e3d201be0005b4463d8b09f8",
        "type": "github"
      },
      "original": {
        "owner": "NixOS",
        "ref": "nixos-unstable",
        "repo": "nixpkgs",
        "type": "github"
      }
    },
    "odin": {
      "inputs": {
        "nixpkgs": [
          "nixpkgs"
        ],
        "systems": [
          "systems"
        ]
      },
      "locked": {
        "path": "./src/odin",
        "type": "path"
      },
      "original": {
        "path": "./src/odin",
        "type": "path"
      },
      "parent": []
    },
    "root": {
      "inputs": {
        "asm": "asm",
        "c": "c",
        "cpp": "cpp",
        "crystal": "crystal",
        "go": "go",
        "nim": "nim",
        "nixpkgs": "nixpkgs",
        "odin": "odin",
        "rust": "rust",
        "systems": "systems",
        "v": "v",
        "zig": "zig"
      }
    },
    "rust": {
      "inputs": {
        "nixpkgs": [
          "nixpkgs"
        ],
        "rust-overlay": "rust-overlay",
        "systems": [
          "systems"
        ]
      },
      "locked": {
        "path": "./src/rust",
        "type": "path"
      },
      "original": {
        "path": "./src/rust",
        "type": "path"
      },
      "parent": []
    },
    "rust-overlay": {
      "inputs": {
        "nixpkgs": [
          "nixpkgs"
        ]
      },
      "locked": {
        "lastModified": 1782875958,
        "narHash": "sha256-5eqDcnBjb1424HRQdnhuhNOBZguq1Z2tqSa2OMF/m2c=",
        "owner": "oxalica",
        "repo": "rust-overlay",
        "rev": "13139aefa973f3d96c60c0fbab801de058ae25ca",
        "type": "github"
      },
      "original": {
        "owner": "oxalica",
        "repo": "rust-overlay",
        "type": "github"
      }
    },
    "systems": {
      "locked": {
        "lastModified": 1681028828,
        "narHash": "sha256-Vy1rq5AaRuLzOxct8nz4T6wlgyUR7zLU309k9mBC768=",
        "owner": "nix-systems",
        "repo": "default",
        "rev": "da67096a3b9bf56a91d16901293e51ba5b49a27e",
        "type": "github"
      },
      "original": {
        "owner": "nix-systems",
        "repo": "default",
        "type": "github"
      }
    },
    "v": {
      "inputs": {
        "nixpkgs": [
          "nixpkgs"
        ],
        "systems": [
          "systems"
        ]
      },
      "locked": {
        "path": "./src/v",
        "type": "path"
      },
      "original": {
        "path": "./src/v",
        "type": "path"
      },
      "parent": []
    },
    "zig": {
      "inputs": {
        "nixpkgs": [
          "nixpkgs"
        ],
        "systems": [
          "systems"
        ]
      },
      "locked": {
        "path": "./src/zig",
        "type": "path"
      },
      "original": {
        "path": "./src/zig",
        "type": "path"
      },
      "parent": []
    }
  },
  "root": "root",
  "version": 7
}
