{
  "nodes": {
    "asm": {
      "inputs": {
        "nixpkgs": [
          "nixpkgs"
        ],
        "systems": [
          "systems"
        ]
      },
      "locked": {
        "path": "./src/asm",
        "type": "path"
      },
      "original": {
        "path": "./src/asm",
        "type": "path"
      },
      "parent": []
    },
    "c": {
      "inputs": {
        "nixpkgs": [
          "nixpkgs"
        ],
        "systems": [
          "systems"
        ]
      },
      "locked": {
        "path": "./src/c",
        "type": "path"
      },
      "original": {
        "path": "./src/c",
        "type": "path"
      },
      "parent": []
    },
    "cpp": {
      "inputs": {
        "nixpkgs": [
          "nixpkgs"
        ],
        "systems": [
          "systems"
        ]
      },
      "locked": {
        "path": "./src/cpp",
        "type": "path"
      },
      "original": {
        "path": "./src/cpp",
        "type": "path"
      },
      "parent": []
    },
    "crystal": {
      "inputs": {
        "nixpkgs": [
          "nixpkgs"
        ],
        "systems": [
          "systems"
        ]
      },
      "locked": {
        "path": "./src/crystal",
        "type": "path"
      },
      "original": {
        "path": "./src/crystal",
        "type": "path"
      },
      "parent": []
    },
    "go": {
      "inputs": {
        "nixpkgs": [
          "nixpkgs"
        ],
        "systems": [
          "systems"
        ]
      },
      "locked": {
        "path": "./src/go",
        "type": "path"
      },
      "original": {
        "path": "./src/go",
        "type": "path"
      },
      "parent": []
    },
    "nim": {
      "inputs": {
        "nixpkgs": [
          "nixpkgs"
        ],
        "systems": [
          "systems"
        ]
      },
      "locked": {
        "path": "./src/nim",
        "type": "path"
      },
      "original": {
        "path": "./src/nim",
        "type": "path"
      },
      "parent": []
    },
    "nixpkgs": {
      "locked": {
        "lastModified": 1745234285,
        "narHash": "sha256-GfpyMzxwkfgRVN0cTGQSkTC0OHhEkv3Jf6Tcjm//qZ0=",
        "type": "tarball",
        "url": "https://github.com/NixOS/nixpkgs/archive/c11863f1e964833214b767f4a369c6e6a7aba141.tar.gz"
      },
      "original": {
        "owner": "NixOS",
        "ref": "nixos-unstable",
        "repo": "nixpkgs",
        "type": "github"
      }
    },
    "odin": {
      "inputs": {
        "nixpkgs": [
          "nixpkgs"
        ],
        "systems": [
          "systems"
        ]
      },
      "locked": {
        "path": "./src/odin",
        "type": "path"
      },
      "original": {
        "path": "./src/odin",
        "type": "path"
      },
      "parent": []
    },
    "root": {
      "inputs": {
        "asm": "asm",
        "c": "c",
        "cpp": "cpp",
        "crystal": "crystal",
        "go": "go",
        "nim": "nim",
        "nixpkgs": "nixpkgs",
        "odin": "odin",
        "rust": "rust",
        "systems": "systems",
        "v": "v",
        "zig": "zig"
      }
    },
    "rust": {
      "inputs": {
        "nixpkgs": [
          "nixpkgs"
        ],
        "rust-overlay": "rust-overlay",
        "systems": [
          "systems"
        ]
      },
      "locked": {
        "path": "./src/rust",
        "type": "path"
      },
      "original": {
        "path": "./src/rust",
        "type": "path"
      },
      "parent": []
    },
    "rust-overlay": {
      "inputs": {
        "nixpkgs": [
          "nixpkgs"
        ]
      },
      "locked": {
        "lastModified": 1766630657,
        "narHash": "sha256-wW15buPGU29v0XuAmDkc30+d5j4Tmg/V8AkpHH+hDWY=",
        "owner": "oxalica",
        "repo": "rust-overlay",
        "rev": "3bf67c5e473f29ca79ff15904f3072d87cf6d087",
        "type": "github"
      },
      "original": {
        "owner": "oxalica",
        "repo": "rust-overlay",
        "type": "github"
      }
    },
    "systems": {
      "locked": {
        "lastModified": 1681028828,
        "narHash": "sha256-Vy1rq5AaRuLzOxct8nz4T6wlgyUR7zLU309k9mBC768=",
        "owner": "nix-systems",
        "repo": "default",
        "rev": "da67096a3b9bf56a91d16901293e51ba5b49a27e",
        "type": "github"
      },
      "original": {
        "owner": "nix-systems",
        "repo": "default",
        "type": "github"
      }
    },
    "v": {
      "inputs": {
        "nixpkgs": [
          "nixpkgs"
        ],
        "systems": [
          "systems"
        ]
      },
      "locked": {
        "path": "./src/v",
        "type": "path"
      },
      "original": {
        "path": "./src/v",
        "type": "path"
      },
      "parent": []
    },
    "zig": {
      "inputs": {
        "nixpkgs": [
          "nixpkgs"
        ],
        "systems": [
          "systems"
        ]
      },
      "locked": {
        "path": "./src/zig",
        "type": "path"
      },
      "original": {
        "path": "./src/zig",
        "type": "path"
      },
      "parent": []
    }
  },
  "root": "root",
  "version": 7
}
